<?xml version="1.0" encoding="utf-8"?>
<Project ToolsVersion="4.0" xmlns="http://schemas.microsoft.com/developer/msbuild/2003">
  <ItemGroup>
    <Filter Include="소스 파일">
      <UniqueIdentifier>{4FC737F1-C7A5-4376-A066-2A32D752A2FF}</UniqueIdentifier>
      <Extensions>cpp;c;cc;cxx;c++;cppm;ixx;def;odl;idl;hpj;bat;asm;asmx</Extensions>
    </Filter>
    <Filter Include="헤더 파일">
      <UniqueIdentifier>{93995380-89BD-4b04-88EB-625FBE52EBFB}</UniqueIdentifier>
      <Extensions>h;hh;hpp;hxx;h++;hm;inl;inc;ipp;xsd</Extensions>
    </Filter>
    <Filter Include="리소스 파일">
      <UniqueIdentifier>{67DA6AB6-F800-4c08-8B7A-83BB121AAD01}</UniqueIdentifier>
      <Extensions>rc;ico;cur;bmp;dlg;rc2;rct;bin;rgs;gif;jpg;jpeg;jpe;resx;tiff;tif;png;wav;mfcribbon-ms</Extensions>
    </Filter>
    <Filter Include="수업 내용">
      <UniqueIdentifier>{57d8b284-5d7b-4960-a6e9-1a9c6c05b492}</UniqueIdentifier>
    </Filter>
  </ItemGroup>
  <ItemGroup>
    <ClCompile Include="Source.c">
      <Filter>소스 파일</Filter>
    </ClCompile>
  </ItemGroup>
  <ItemGroup>
    <ClInclude Include="2022.08.10%28상수%29.h">
      <Filter>수업 내용</Filter>
    </ClInclude>
    <ClInclude Include="2022.08.09%28변수%29.h">
      <Filter>수업 내용</Filter>
    </ClInclude>
    <ClInclude Include="2022.08.11%28비%29.h">
      <Filter>수업 내용</Filter>
    </ClInclude>
    <ClInclude Include="2022.08.12%28조건%29.h">
      <Filter>수업 내용</Filter>
    </ClInclude>
    <ClInclude Include="2022.08.16%28스위치%29.h">
      <Filter>수업 내용</Filter>
    </ClInclude>
    <ClInclude Include="2022.08.17%28for%29.h">
      <Filter>수업 내용</Filter>
    </ClInclude>
    <ClInclude Include="2022.08.18%28형 변환%29.h">
      <Filter>수업 내용</Filter>
    </ClInclude>
    <ClInclude Include="2022.08.19%28포인%29.h">
      <Filter>수업 내용</Filter>
    </ClInclude>
    <ClInclude Include="2022.08.23%28배열과 포인%29.h">
      <Filter>수업 내용</Filter>
    </ClInclude>
    <ClInclude Include="2022.08.24%28문자%29.h">
      <Filter>수업 내용</Filter>
    </ClInclude>
    <ClInclude Include="2022.08.26%28밤용포인터%29.h">
      <Filter>수업 내용</Filter>
    </ClInclude>
    <ClInclude Include="2022.08.29%28동적 할당%29.h">
      <Filter>수업 내용</Filter>
    </ClInclude>
    <ClInclude Include="2022.08.30(재귀 함수).h">
      <Filter>수업 내용</Filter>
    </ClInclude>
    <ClInclude Include="2022.08.31%28이중 포인터%29.h">
      <Filter>수업 내용</Filter>
    </ClInclude>
    <ClInclude Include="Function.h">
      <Filter>수업 내용</Filter>
    </ClInclude>
    <ClInclude Include="2022.09.02(전처리기).h">
      <Filter>수업 내용</Filter>
    </ClInclude>
    <ClInclude Include="2022.09.05%28수학 라이브러리%29.h">
      <Filter>수업 내용</Filter>
    </ClInclude>
    <ClInclude Include="2022.09.14(키입력).h">
      <Filter>수업 내용</Filter>
    </ClInclude>
    <ClInclude Include="2022.09.15%28파일 입출%29.h">
      <Filter>수업 내용</Filter>
    </ClInclude>
    <ClInclude Include="2022.09.19(구조체 패딩).h">
      <Filter>수업 내용</Filter>
    </ClInclude>
    <ClInclude Include="2022.09.20(자기참조 구조체).h">
      <Filter>수업 내용</Filter>
    </ClInclude>
  </ItemGroup>
</Project>